
Microsoft Visual Studio Solution File, Format Version 12.00
# Visual Studio 15
VisualStudioVersion = 15.0.27130.2003
MinimumVisualStudioVersion = 10.0.40219.1
Project("{FAE04EC0-301F-11D3-BF4B-00C04F79EFBC}") = "WeddingCheck", "WeddingCheck\WeddingCheck.csproj", "{50660C0C-066C-44A1-A8F5-7450860D9CF8}"
EndProject
Global
	GlobalSection(SolutionConfigurationPlatforms) = preSolution
		Debug|Any CPU = Debug|Any CPU
		Release|Any CPU = Release|Any CPU
	EndGlobalSection
	GlobalSection(ProjectConfigurationPlatforms) = postSolution
		{50660C0C-066C-44A1-A8F5-7450860D9CF8}.Debug|Any CPU.ActiveCfg = Debug|Any CPU
		{50660C0C-066C-44A1-A8F5-7450860D9CF8}.Debug|Any CPU.Build.0 = Debug|Any CPU
		{50660C0C-066C-44A1-A8F5-7450860D9CF8}.Release|Any CPU.ActiveCfg = Release|Any CPU
		{50660C0C-066C-44A1-A8F5-7450860D9CF8}.Release|Any CPU.Build.0 = Release|Any CPU
	EndGlobalSection
	GlobalSection(SolutionProperties) = preSolution
		HideSolutionNode = FALSE
	EndGlobalSection
	GlobalSection(ExtensibilityGlobals) = postSolution
		SolutionGuid = {3B39DC85-C53A-4AA1-AB11-4D9F00D779DC}
	EndGlobalSection
EndGlobal
